
Microsoft Visual Studio Solution File, Format Version 12.00
# Visual Studio 15
VisualStudioVersion = 15.0.27130.2036
MinimumVisualStudioVersion = 10.0.40219.1
Project("{9A19103F-16F7-4668-BE54-9A1E7A4F7556}") = "Abacaxi.Tests", "Abacaxi.Tests\Abacaxi.Tests.csproj", "{8EDF4429-251A-416D-BB68-93F227191BCF}"
EndProject
Project("{2150E333-8FDC-42A3-9474-1A3956D46DE8}") = "Solution Items", "Solution Items", "{AA960A00-F5C7-4299-8C52-41F254607F5E}"
	ProjectSection(SolutionItems) = preProject
		40218-200.png = 40218-200.png
		LICENSE = LICENSE
		README.md = README.md
	EndProjectSection
EndProject
Project("{9A19103F-16F7-4668-BE54-9A1E7A4F7556}") = "Abacaxi.Practice", "Abacaxi.Practice\Abacaxi.Practice.csproj", "{ADCFD10B-65C7-4D15-A896-5533C3AFA923}"
EndProject
Project("{9A19103F-16F7-4668-BE54-9A1E7A4F7556}") = "Abacaxi", "Abacaxi\Abacaxi.csproj", "{762A124B-8058-4BBE-94C0-1F1EA7453F4D}"
EndProject
Global
	GlobalSection(SolutionConfigurationPlatforms) = preSolution
		Debug|Any CPU = Debug|Any CPU
		Release|Any CPU = Release|Any CPU
	EndGlobalSection
	GlobalSection(ProjectConfigurationPlatforms) = postSolution
		{8EDF4429-251A-416D-BB68-93F227191BCF}.Debug|Any CPU.ActiveCfg = Debug|Any CPU
		{8EDF4429-251A-416D-BB68-93F227191BCF}.Debug|Any CPU.Build.0 = Debug|Any CPU
		{8EDF4429-251A-416D-BB68-93F227191BCF}.Debug|Any CPU.Deploy.0 = Debug|Any CPU
		{8EDF4429-251A-416D-BB68-93F227191BCF}.Release|Any CPU.ActiveCfg = Release|Any CPU
		{8EDF4429-251A-416D-BB68-93F227191BCF}.Release|Any CPU.Build.0 = Release|Any CPU
		{ADCFD10B-65C7-4D15-A896-5533C3AFA923}.Debug|Any CPU.ActiveCfg = Debug|Any CPU
		{ADCFD10B-65C7-4D15-A896-5533C3AFA923}.Debug|Any CPU.Build.0 = Debug|Any CPU
		{ADCFD10B-65C7-4D15-A896-5533C3AFA923}.Release|Any CPU.ActiveCfg = Release|Any CPU
		{ADCFD10B-65C7-4D15-A896-5533C3AFA923}.Release|Any CPU.Build.0 = Release|Any CPU
		{762A124B-8058-4BBE-94C0-1F1EA7453F4D}.Debug|Any CPU.ActiveCfg = Debug|Any CPU
		{762A124B-8058-4BBE-94C0-1F1EA7453F4D}.Debug|Any CPU.Build.0 = Debug|Any CPU
		{762A124B-8058-4BBE-94C0-1F1EA7453F4D}.Release|Any CPU.ActiveCfg = Release|Any CPU
		{762A124B-8058-4BBE-94C0-1F1EA7453F4D}.Release|Any CPU.Build.0 = Release|Any CPU
	EndGlobalSection
	GlobalSection(SolutionProperties) = preSolution
		HideSolutionNode = FALSE
	EndGlobalSection
	GlobalSection(ExtensibilityGlobals) = postSolution
		SolutionGuid = {33479AE1-5460-497F-9027-595C9E5C747E}
	EndGlobalSection
EndGlobal
